#MicroXplorer Configuration settings - do not modify
CAD.formats=
CAD.pinconfig=
CAD.provider=
FATFS.IPParameters=_FS_MINIMIZE,_CODE_PAGE,_USE_CHMOD,_USE_LFN,_STRF_ENCODE,_FS_EXFAT,_USE_MKFS,_LFN_UNICODE,_USE_STRFUNC
FATFS._CODE_PAGE=866
FATFS._FS_EXFAT=1
FATFS._FS_MINIMIZE=0
FATFS._LFN_UNICODE=0
FATFS._STRF_ENCODE=0
FATFS._USE_CHMOD=1
FATFS._USE_LFN=1
FATFS._USE_MKFS=0
FATFS._USE_STRFUNC=0
File.Version=6
GPIO.groupedBy=Group By Peripherals
I2C1.I2C_Speed_Mode=I2C_Fast
I2C1.IPParameters=Timing,I2C_Speed_Mode
I2C1.Timing=0x00300F38
KeepUserPlacement=false
Mcu.CPN=STM32G0B0CET6
Mcu.Family=STM32G0
Mcu.IP0=FATFS
Mcu.IP1=I2C1
Mcu.IP2=NVIC
Mcu.IP3=RCC
Mcu.IP4=SPI3
Mcu.IP5=SYS
Mcu.IPNb=6
Mcu.Name=STM32G0B0CETx
Mcu.Package=LQFP48
Mcu.Pin0=PA2
Mcu.Pin1=PA3
Mcu.Pin10=PA10
Mcu.Pin11=PA12 [PA10]
Mcu.Pin12=PA13
Mcu.Pin13=PA14-BOOT0
Mcu.Pin14=PA15
Mcu.Pin15=PD1
Mcu.Pin16=PD2
Mcu.Pin17=PD3
Mcu.Pin18=PB3
Mcu.Pin19=PB4
Mcu.Pin2=PA4
Mcu.Pin20=PB5
Mcu.Pin21=PB6
Mcu.Pin22=VP_FATFS_VS_Generic
Mcu.Pin3=PA5
Mcu.Pin4=PA6
Mcu.Pin5=PA7
Mcu.Pin6=PB0
Mcu.Pin7=PB1
Mcu.Pin8=PB2
Mcu.Pin9=PA9
Mcu.PinsNb=23
Mcu.ThirdPartyNb=0
Mcu.UserConstants=
Mcu.UserName=STM32G0B0CETx
MxCube.Version=6.8.1
MxDb.Version=DB.6.0.81
NVIC.ForceEnableDMAVector=true
NVIC.HardFault_IRQn=true\:0\:0\:false\:false\:true\:false\:false\:false
NVIC.NonMaskableInt_IRQn=true\:0\:0\:false\:false\:true\:false\:false\:false
NVIC.PendSV_IRQn=true\:3\:0\:true\:false\:true\:false\:false\:false
NVIC.SVC_IRQn=true\:3\:0\:true\:false\:true\:false\:false\:true
NVIC.SysTick_IRQn=true\:3\:0\:false\:false\:true\:false\:true\:false
PA10.GPIOParameters=GPIO_Pu
PA10.GPIO_Pu=GPIO_PULLUP
PA10.Mode=I2C
PA10.Signal=I2C1_SDA
PA12\ [PA10].GPIOParameters=GPIO_PuPd,GPIO_Label
PA12\ [PA10].GPIO_Label=BUTTON_DOWN
PA12\ [PA10].GPIO_PuPd=GPIO_PULLUP
PA12\ [PA10].Locked=true
PA12\ [PA10].Signal=GPIO_Input
PA13.Mode=Serial_Wire
PA13.Signal=SYS_SWDIO
PA14-BOOT0.Mode=Serial_Wire
PA14-BOOT0.Signal=SYS_SWCLK
PA15.GPIOParameters=GPIO_PuPd,GPIO_Label
PA15.GPIO_Label=BUTTON_RIGHT
PA15.GPIO_PuPd=GPIO_PULLUP
PA15.Locked=true
PA15.Signal=GPIO_Input
PA2.Locked=true
PA2.Signal=GPIO_Input
PA3.Locked=true
PA3.Signal=GPIO_Input
PA4.Locked=true
PA4.Signal=GPIO_Input
PA5.Locked=true
PA5.Signal=GPIO_Input
PA6.Locked=true
PA6.Signal=GPIO_Input
PA7.Locked=true
PA7.Signal=GPIO_Input
PA9.GPIOParameters=GPIO_Pu
PA9.GPIO_Pu=GPIO_PULLUP
PA9.Mode=I2C
PA9.Signal=I2C1_SCL
PB0.Locked=true
PB0.Signal=GPIO_Input
PB1.Locked=true
PB1.Signal=GPIO_Input
PB2.Locked=true
PB2.Signal=GPIO_Input
PB3.Mode=Full_Duplex_Master
PB3.Signal=SPI3_SCK
PB4.Mode=Full_Duplex_Master
PB4.Signal=SPI3_MISO
PB5.Mode=Full_Duplex_Master
PB5.Signal=SPI3_MOSI
PB6.GPIOParameters=PinState,GPIO_Label
PB6.GPIO_Label=SD_CS
PB6.Locked=true
PB6.PinState=GPIO_PIN_SET
PB6.Signal=GPIO_Output
PD1.GPIOParameters=GPIO_PuPd,GPIO_Label
PD1.GPIO_Label=BUTTON_LEFT
PD1.GPIO_PuPd=GPIO_PULLUP
PD1.Locked=true
PD1.Signal=GPIO_Input
PD2.GPIOParameters=GPIO_PuPd,GPIO_Label
PD2.GPIO_Label=BUTTON_UP
PD2.GPIO_PuPd=GPIO_PULLUP
PD2.Locked=true
PD2.Signal=GPIO_Input
PD3.GPIOParameters=GPIO_PuPd,GPIO_Label
PD3.GPIO_Label=SD_DTCT
PD3.GPIO_PuPd=GPIO_PULLUP
PD3.Locked=true
PD3.Signal=GPIO_Input
PinOutPanel.RotationAngle=0
ProjectManager.AskForMigrate=true
ProjectManager.BackupPrevious=false
ProjectManager.CompilerOptimize=6
ProjectManager.ComputerToolchain=false
ProjectManager.CoupleFile=false
ProjectManager.CustomerFirmwarePackage=
ProjectManager.DefaultFWLocation=true
ProjectManager.DeletePrevious=true
ProjectManager.DeviceId=STM32G0B0CETx
ProjectManager.FirmwarePackage=STM32Cube FW_G0 V1.6.1
ProjectManager.FreePins=false
ProjectManager.HalAssertFull=false
ProjectManager.HeapSize=0x200
ProjectManager.KeepUserCode=true
ProjectManager.LastFirmware=true
ProjectManager.LibraryCopy=1
ProjectManager.MainLocation=Core/Src
ProjectManager.NoMain=false
ProjectManager.PreviousToolchain=STM32CubeIDE
ProjectManager.ProjectBuild=false
ProjectManager.ProjectFileName=FdsKey_bootloader.ioc
ProjectManager.ProjectName=FdsKey_bootloader
ProjectManager.ProjectStructure=
ProjectManager.RegisterCallBack=
ProjectManager.StackSize=0x400
ProjectManager.TargetToolchain=STM32CubeIDE
ProjectManager.ToolChainLocation=
ProjectManager.UnderRoot=true
ProjectManager.functionlistsort=1-SystemClock_Config-RCC-false-HAL-false,2-MX_GPIO_Init-GPIO-false-HAL-true,3-MX_I2C1_Init-I2C1-false-HAL-true,4-MX_SPI3_Init-SPI3-false-HAL-true,5-MX_FATFS_Init-FATFS-false-HAL-false
RCC.ADCFreq_Value=64000000
RCC.AHBFreq_Value=64000000
RCC.APB1CLKDivider=RCC_HCLK_DIV2
RCC.APBFreq_Value=32000000
RCC.APBTimFreq_Value=64000000
RCC.CortexFreq_Value=64000000
RCC.EXTERNAL_CLOCK_VALUE=48000
RCC.FCLKCortexFreq_Value=64000000
RCC.FamilyName=M
RCC.HCLKFreq_Value=64000000
RCC.HSE_VALUE=8000000
RCC.HSI_VALUE=16000000
RCC.I2C1Freq_Value=32000000
RCC.I2C2Freq_Value=32000000
RCC.I2S1Freq_Value=64000000
RCC.I2S2Freq_Value=64000000
RCC.IPParameters=ADCFreq_Value,AHBFreq_Value,APB1CLKDivider,APBFreq_Value,APBTimFreq_Value,CortexFreq_Value,EXTERNAL_CLOCK_VALUE,FCLKCortexFreq_Value,FamilyName,HCLKFreq_Value,HSE_VALUE,HSI_VALUE,I2C1Freq_Value,I2C2Freq_Value,I2S1Freq_Value,I2S2Freq_Value,LSCOPinFreq_Value,LSE_VALUE,LSI_VALUE,MCO1PinFreq_Value,MCO2PinFreq_Value,PLLPoutputFreq_Value,PLLQoutputFreq_Value,PLLRCLKFreq_Value,PWRFreq_Value,SYSCLKFreq_VALUE,SYSCLKSource,USART1Freq_Value,USART2Freq_Value,USART3Freq_Value,USBFreq_Value,VCOInputFreq_Value,VCOOutputFreq_Value
RCC.LSCOPinFreq_Value=32000
RCC.LSE_VALUE=32768
RCC.LSI_VALUE=32000
RCC.MCO1PinFreq_Value=64000000
RCC.MCO2PinFreq_Value=64000000
RCC.PLLPoutputFreq_Value=64000000
RCC.PLLQoutputFreq_Value=64000000
RCC.PLLRCLKFreq_Value=64000000
RCC.PWRFreq_Value=64000000
RCC.SYSCLKFreq_VALUE=64000000
RCC.SYSCLKSource=RCC_SYSCLKSOURCE_PLLCLK
RCC.USART1Freq_Value=32000000
RCC.USART2Freq_Value=32000000
RCC.USART3Freq_Value=32000000
RCC.USBFreq_Value=64000000
RCC.VCOInputFreq_Value=16000000
RCC.VCOOutputFreq_Value=128000000
SPI3.BaudRatePrescaler=SPI_BAUDRATEPRESCALER_16
SPI3.CalculateBaudRate=2.0 MBits/s
SPI3.Direction=SPI_DIRECTION_2LINES
SPI3.IPParameters=VirtualType,Mode,Direction,BaudRatePrescaler,CalculateBaudRate
SPI3.Mode=SPI_MODE_MASTER
SPI3.VirtualType=VM_MASTER
VP_FATFS_VS_Generic.Mode=User_defined
VP_FATFS_VS_Generic.Signal=FATFS_VS_Generic
board=custom
isbadioc=false
